
Microsoft Visual Studio Solution File, Format Version 12.00
# Visual Studio Version 17
VisualStudioVersion = 17.8.34408.163
MinimumVisualStudioVersion = 10.0.40219.1
Project("{FAE04EC0-301F-11D3-BF4B-00C04F79EFBC}") = "SafariHw", "SafariHw\SafariHw.csproj", "{098BA35B-EDF1-42D7-BB02-15195D318653}"
EndProject
Global
	GlobalSection(SolutionConfigurationPlatforms) = preSolution
		Debug|Any CPU = Debug|Any CPU
		Release|Any CPU = Release|Any CPU
	EndGlobalSection
	GlobalSection(ProjectConfigurationPlatforms) = postSolution
		{098BA35B-EDF1-42D7-BB02-15195D318653}.Debug|Any CPU.ActiveCfg = Debug|Any CPU
		{098BA35B-EDF1-42D7-BB02-15195D318653}.Debug|Any CPU.Build.0 = Debug|Any CPU
		{098BA35B-EDF1-42D7-BB02-15195D318653}.Release|Any CPU.ActiveCfg = Release|Any CPU
		{098BA35B-EDF1-42D7-BB02-15195D318653}.Release|Any CPU.Build.0 = Release|Any CPU
	EndGlobalSection
	GlobalSection(SolutionProperties) = preSolution
		HideSolutionNode = FALSE
	EndGlobalSection
	GlobalSection(ExtensibilityGlobals) = postSolution
		SolutionGuid = {1E835AD5-714E-41F8-AA36-25A65EFDC873}
	EndGlobalSection
EndGlobal
